
Microsoft Visual Studio Solution File, Format Version 12.00
# Visual Studio Version 16
VisualStudioVersion = 16.0.30320.27
MinimumVisualStudioVersion = 10.0.40219.1
Project("{FAE04EC0-301F-11D3-BF4B-00C04F79EFBC}") = "Toll-Calculator-API", "Toll-Calculator-API.csproj", "{EC39D04C-124E-4617-B66D-560D5780CB1E}"
EndProject
Project("{FAE04EC0-301F-11D3-BF4B-00C04F79EFBC}") = "Toll-DbMigrator", "..\Toll-DbMigrator\Toll-DbMigrator.csproj", "{D3F8C5BB-29EE-46BB-9B89-AE851588FEC6}"
EndProject
Global
	GlobalSection(SolutionConfigurationPlatforms) = preSolution
		Debug|Any CPU = Debug|Any CPU
		Release|Any CPU = Release|Any CPU
	EndGlobalSection
	GlobalSection(ProjectConfigurationPlatforms) = postSolution
		{EC39D04C-124E-4617-B66D-560D5780CB1E}.Debug|Any CPU.ActiveCfg = Debug|Any CPU
		{EC39D04C-124E-4617-B66D-560D5780CB1E}.Debug|Any CPU.Build.0 = Debug|Any CPU
		{EC39D04C-124E-4617-B66D-560D5780CB1E}.Release|Any CPU.ActiveCfg = Release|Any CPU
		{EC39D04C-124E-4617-B66D-560D5780CB1E}.Release|Any CPU.Build.0 = Release|Any CPU
		{D3F8C5BB-29EE-46BB-9B89-AE851588FEC6}.Debug|Any CPU.ActiveCfg = Debug|Any CPU
		{D3F8C5BB-29EE-46BB-9B89-AE851588FEC6}.Debug|Any CPU.Build.0 = Debug|Any CPU
		{D3F8C5BB-29EE-46BB-9B89-AE851588FEC6}.Release|Any CPU.ActiveCfg = Release|Any CPU
		{D3F8C5BB-29EE-46BB-9B89-AE851588FEC6}.Release|Any CPU.Build.0 = Release|Any CPU
	EndGlobalSection
	GlobalSection(SolutionProperties) = preSolution
		HideSolutionNode = FALSE
	EndGlobalSection
	GlobalSection(ExtensibilityGlobals) = postSolution
		SolutionGuid = {9C1813EF-611B-41E6-B2DB-4E5855BB2C04}
	EndGlobalSection
EndGlobal
